
Microsoft Visual Studio Solution File, Format Version 12.00
# Visual Studio Version 17
VisualStudioVersion = 17.3.32825.248
MinimumVisualStudioVersion = 10.0.40219.1
Project("{9A19103F-16F7-4668-BE54-9A1E7A4F7556}") = "MockApi", "src\MockApi.csproj", "{694D2CB8-197E-4CD2-8018-18731AAC7A2C}"
EndProject
Project("{2150E333-8FDC-42A3-9474-1A3956D46DE8}") = "Solution Items", "Solution Items", "{080AB634-B620-4B77-8ACE-CBC464E8B5E3}"
	ProjectSection(SolutionItems) = preProject
		.editorconfig = .editorconfig
		.gitignore = .gitignore
		README.md = README.md
	EndProjectSection
EndProject
Project("{2150E333-8FDC-42A3-9474-1A3956D46DE8}") = ".github", ".github", "{CAB6BC52-AF9A-4D1B-A5E4-3E16A9DBDB0B}"
	ProjectSection(SolutionItems) = preProject
		.github\dependabot.yml = .github\dependabot.yml
	EndProjectSection
EndProject
Project("{2150E333-8FDC-42A3-9474-1A3956D46DE8}") = "workflows", "workflows", "{E63BF819-DA16-4AF3-824E-A79DE62063D6}"
	ProjectSection(SolutionItems) = preProject
		.github\workflows\ci.yml = .github\workflows\ci.yml
		stale.yml = stale.yml
	EndProjectSection
EndProject
Global
	GlobalSection(SolutionConfigurationPlatforms) = preSolution
		Debug|Any CPU = Debug|Any CPU
		Release|Any CPU = Release|Any CPU
	EndGlobalSection
	GlobalSection(ProjectConfigurationPlatforms) = postSolution
		{694D2CB8-197E-4CD2-8018-18731AAC7A2C}.Debug|Any CPU.ActiveCfg = Debug|Any CPU
		{694D2CB8-197E-4CD2-8018-18731AAC7A2C}.Debug|Any CPU.Build.0 = Debug|Any CPU
		{694D2CB8-197E-4CD2-8018-18731AAC7A2C}.Release|Any CPU.ActiveCfg = Release|Any CPU
		{694D2CB8-197E-4CD2-8018-18731AAC7A2C}.Release|Any CPU.Build.0 = Release|Any CPU
	EndGlobalSection
	GlobalSection(SolutionProperties) = preSolution
		HideSolutionNode = FALSE
	EndGlobalSection
	GlobalSection(NestedProjects) = preSolution
		{CAB6BC52-AF9A-4D1B-A5E4-3E16A9DBDB0B} = {080AB634-B620-4B77-8ACE-CBC464E8B5E3}
		{E63BF819-DA16-4AF3-824E-A79DE62063D6} = {CAB6BC52-AF9A-4D1B-A5E4-3E16A9DBDB0B}
	EndGlobalSection
	GlobalSection(ExtensibilityGlobals) = postSolution
		SolutionGuid = {403AF930-E812-4A20-813E-78467424FF28}
	EndGlobalSection
EndGlobal
